
Microsoft Visual Studio Solution File, Format Version 12.00
# Visual Studio Version 16
VisualStudioVersion = 16.0.31727.386
MinimumVisualStudioVersion = 10.0.40219.1
Project("{9A19103F-16F7-4668-BE54-9A1E7A4F7556}") = "jobdetailsApiDb", "jobdetailsApiDb\jobdetailsApiDb.csproj", "{0FA478EE-2C7E-4996-8CD9-DC5B6ED80F68}"
EndProject
Project("{FAE04EC0-301F-11D3-BF4B-00C04F79EFBC}") = "jobmvc", "jobmvc\jobmvc.csproj", "{C24BB76F-7DBA-4BE3-8B4A-DA48331BB624}"
EndProject
Global
	GlobalSection(SolutionConfigurationPlatforms) = preSolution
		Debug|Any CPU = Debug|Any CPU
		Release|Any CPU = Release|Any CPU
	EndGlobalSection
	GlobalSection(ProjectConfigurationPlatforms) = postSolution
		{0FA478EE-2C7E-4996-8CD9-DC5B6ED80F68}.Debug|Any CPU.ActiveCfg = Debug|Any CPU
		{0FA478EE-2C7E-4996-8CD9-DC5B6ED80F68}.Debug|Any CPU.Build.0 = Debug|Any CPU
		{0FA478EE-2C7E-4996-8CD9-DC5B6ED80F68}.Release|Any CPU.ActiveCfg = Release|Any CPU
		{0FA478EE-2C7E-4996-8CD9-DC5B6ED80F68}.Release|Any CPU.Build.0 = Release|Any CPU
		{C24BB76F-7DBA-4BE3-8B4A-DA48331BB624}.Debug|Any CPU.ActiveCfg = Debug|Any CPU
		{C24BB76F-7DBA-4BE3-8B4A-DA48331BB624}.Debug|Any CPU.Build.0 = Debug|Any CPU
		{C24BB76F-7DBA-4BE3-8B4A-DA48331BB624}.Release|Any CPU.ActiveCfg = Release|Any CPU
		{C24BB76F-7DBA-4BE3-8B4A-DA48331BB624}.Release|Any CPU.Build.0 = Release|Any CPU
	EndGlobalSection
	GlobalSection(SolutionProperties) = preSolution
		HideSolutionNode = FALSE
	EndGlobalSection
	GlobalSection(ExtensibilityGlobals) = postSolution
		SolutionGuid = {399D0335-CE25-4180-8C6A-89567C7991B1}
	EndGlobalSection
EndGlobal
